
Microsoft Visual Studio Solution File, Format Version 12.00
# Visual Studio 14
VisualStudioVersion = 14.0.25420.1
MinimumVisualStudioVersion = 10.0.40219.1
Project("{FAE04EC0-301F-11D3-BF4B-00C04F79EFBC}") = "PluginLoader", "PluginLoader\PluginLoader.csproj", "{8DCC6154-B81D-4089-B9CB-61A4C9CE7E03}"
EndProject
Project("{FAE04EC0-301F-11D3-BF4B-00C04F79EFBC}") = "PluginManager", "PluginManager\PluginManager.csproj", "{771C255F-F4A8-4F72-9FCE-CB3F5D86B860}"
EndProject
Project("{FAE04EC0-301F-11D3-BF4B-00C04F79EFBC}") = "Plugin.StickyNote", "Plugin.StickyNote\Plugin.StickyNote.csproj", "{86578C2D-739A-4A92-A999-755A31C2E66D}"
EndProject
Project("{FAE04EC0-301F-11D3-BF4B-00C04F79EFBC}") = "Plugin.SimpleDemo1", "Plugin.SimpleDemo1\Plugin.SimpleDemo1.csproj", "{AF101A32-3E00-4D0D-A80E-405ED2B4412E}"
EndProject
Global
	GlobalSection(SolutionConfigurationPlatforms) = preSolution
		Debug|Any CPU = Debug|Any CPU
		PluginsOnly|Any CPU = PluginsOnly|Any CPU
		Release|Any CPU = Release|Any CPU
	EndGlobalSection
	GlobalSection(ProjectConfigurationPlatforms) = postSolution
		{8DCC6154-B81D-4089-B9CB-61A4C9CE7E03}.Debug|Any CPU.ActiveCfg = Debug|Any CPU
		{8DCC6154-B81D-4089-B9CB-61A4C9CE7E03}.Debug|Any CPU.Build.0 = Debug|Any CPU
		{8DCC6154-B81D-4089-B9CB-61A4C9CE7E03}.PluginsOnly|Any CPU.ActiveCfg = Release|Any CPU
		{8DCC6154-B81D-4089-B9CB-61A4C9CE7E03}.PluginsOnly|Any CPU.Build.0 = Release|Any CPU
		{8DCC6154-B81D-4089-B9CB-61A4C9CE7E03}.Release|Any CPU.ActiveCfg = Release|Any CPU
		{8DCC6154-B81D-4089-B9CB-61A4C9CE7E03}.Release|Any CPU.Build.0 = Release|Any CPU
		{771C255F-F4A8-4F72-9FCE-CB3F5D86B860}.Debug|Any CPU.ActiveCfg = Debug|Any CPU
		{771C255F-F4A8-4F72-9FCE-CB3F5D86B860}.Debug|Any CPU.Build.0 = Debug|Any CPU
		{771C255F-F4A8-4F72-9FCE-CB3F5D86B860}.PluginsOnly|Any CPU.ActiveCfg = PluginsOnly|Any CPU
		{771C255F-F4A8-4F72-9FCE-CB3F5D86B860}.PluginsOnly|Any CPU.Build.0 = PluginsOnly|Any CPU
		{771C255F-F4A8-4F72-9FCE-CB3F5D86B860}.Release|Any CPU.ActiveCfg = Release|Any CPU
		{771C255F-F4A8-4F72-9FCE-CB3F5D86B860}.Release|Any CPU.Build.0 = Release|Any CPU
		{86578C2D-739A-4A92-A999-755A31C2E66D}.Debug|Any CPU.ActiveCfg = Debug|Any CPU
		{86578C2D-739A-4A92-A999-755A31C2E66D}.Debug|Any CPU.Build.0 = Debug|Any CPU
		{86578C2D-739A-4A92-A999-755A31C2E66D}.PluginsOnly|Any CPU.ActiveCfg = Release|Any CPU
		{86578C2D-739A-4A92-A999-755A31C2E66D}.PluginsOnly|Any CPU.Build.0 = Release|Any CPU
		{86578C2D-739A-4A92-A999-755A31C2E66D}.Release|Any CPU.ActiveCfg = Release|Any CPU
		{86578C2D-739A-4A92-A999-755A31C2E66D}.Release|Any CPU.Build.0 = Release|Any CPU
		{AF101A32-3E00-4D0D-A80E-405ED2B4412E}.Debug|Any CPU.ActiveCfg = Debug|Any CPU
		{AF101A32-3E00-4D0D-A80E-405ED2B4412E}.Debug|Any CPU.Build.0 = Debug|Any CPU
		{AF101A32-3E00-4D0D-A80E-405ED2B4412E}.PluginsOnly|Any CPU.ActiveCfg = Release|Any CPU
		{AF101A32-3E00-4D0D-A80E-405ED2B4412E}.PluginsOnly|Any CPU.Build.0 = Release|Any CPU
		{AF101A32-3E00-4D0D-A80E-405ED2B4412E}.Release|Any CPU.ActiveCfg = Release|Any CPU
		{AF101A32-3E00-4D0D-A80E-405ED2B4412E}.Release|Any CPU.Build.0 = Release|Any CPU
	EndGlobalSection
	GlobalSection(SolutionProperties) = preSolution
		HideSolutionNode = FALSE
	EndGlobalSection
EndGlobal
